// !$*UTF8*$!
{
	archiveVersion = 1;
	classes = {
	};
	objectVersion = 56;
	objects = {

/* Begin PBXBuildFile section */
		DBBD6EAA28E2411C00FFDE59 /* main.swift in Sources */ = {isa = PBXBuildFile; fileRef = DBBD6EA928E2411C00FFDE59 /* main.swift */; };
		DBBD6EB728E242E700FFDE59 /* Assignment1_swift_test.swift in Sources */ = {isa = PBXBuildFile; fileRef = DBBD6EB628E242E700FFDE59 /* Assignment1_swift_test.swift */; };
		DBEC472228EB94E7000732AE /* Question 1.swift in Sources */ = {isa = PBXBuildFile; fileRef = DBEC472128EB94E7000732AE /* Question 1.swift */; };
		DBEC472428EB94F2000732AE /* Question 2.swift in Sources */ = {isa = PBXBuildFile; fileRef = DBEC472328EB94F2000732AE /* Question 2.swift */; };
		DBEC472628EB94FE000732AE /* Question 3.swift in Sources */ = {isa = PBXBuildFile; fileRef = DBEC472528EB94FE000732AE /* Question 3.swift */; };
		DBEC472828EB9503000732AE /* Question 4.swift in Sources */ = {isa = PBXBuildFile; fileRef = DBEC472728EB9503000732AE /* Question 4.swift */; };
		DBEC472A28EB9511000732AE /* Question 5.swift in Sources */ = {isa = PBXBuildFile; fileRef = DBEC472928EB9511000732AE /* Question 5.swift */; };
/* End PBXBuildFile section */

/* Begin PBXCopyFilesBuildPhase section */
		DBBD6EA428E2411C00FFDE59 /* CopyFiles */ = {
			isa = PBXCopyFilesBuildPhase;
			buildActionMask = 2147483647;
			dstPath = /usr/share/man/man1/;
			dstSubfolderSpec = 0;
			files = (
			);
			runOnlyForDeploymentPostprocessing = 1;
		};
/* End PBXCopyFilesBuildPhase section */

/* Begin PBXFileReference section */
		DBBD6EA628E2411C00FFDE59 /* Assignment1Swift */ = {isa = PBXFileReference; explicitFileType = "compiled.mach-o.executable"; includeInIndex = 0; path = Assignment1Swift; sourceTree = BUILT_PRODUCTS_DIR; };
		DBBD6EA928E2411C00FFDE59 /* main.swift */ = {isa = PBXFileReference; lastKnownFileType = sourcecode.swift; path = main.swift; sourceTree = "<group>"; };
		DBBD6EB428E242E700FFDE59 /* Assignment1-swift-test.xctest */ = {isa = PBXFileReference; explicitFileType = wrapper.cfbundle; includeInIndex = 0; path = "Assignment1-swift-test.xctest"; sourceTree = BUILT_PRODUCTS_DIR; };
		DBBD6EB628E242E700FFDE59 /* Assignment1_swift_test.swift */ = {isa = PBXFileReference; lastKnownFileType = sourcecode.swift; path = Assignment1_swift_test.swift; sourceTree = "<group>"; };
		DBEC472128EB94E7000732AE /* Question 1.swift */ = {isa = PBXFileReference; lastKnownFileType = sourcecode.swift; path = "Question 1.swift"; sourceTree = "<group>"; };
		DBEC472328EB94F2000732AE /* Question 2.swift */ = {isa = PBXFileReference; lastKnownFileType = sourcecode.swift; path = "Question 2.swift"; sourceTree = "<group>"; };
		DBEC472528EB94FE000732AE /* Question 3.swift */ = {isa = PBXFileReference; lastKnownFileType = sourcecode.swift; path = "Question 3.swift"; sourceTree = "<group>"; };
		DBEC472728EB9503000732AE /* Question 4.swift */ = {isa = PBXFileReference; lastKnownFileType = sourcecode.swift; path = "Question 4.swift"; sourceTree = "<group>"; };
		DBEC472928EB9511000732AE /* Question 5.swift */ = {isa = PBXFileReference; lastKnownFileType = sourcecode.swift; path = "Question 5.swift"; sourceTree = "<group>"; };
/* End PBXFileReference section */

/* Begin PBXFrameworksBuildPhase section */
		DBBD6EA328E2411C00FFDE59 /* Frameworks */ = {
			isa = PBXFrameworksBuildPhase;
			buildActionMask = 2147483647;
			files = (
			);
			runOnlyForDeploymentPostprocessing = 0;
		};
		DBBD6EB128E242E700FFDE59 /* Frameworks */ = {
			isa = PBXFrameworksBuildPhase;
			buildActionMask = 2147483647;
			files = (
			);
			runOnlyForDeploymentPostprocessing = 0;
		};
/* End PBXFrameworksBuildPhase section */

/* Begin PBXGroup section */
		DBBD6E9D28E2411C00FFDE59 = {
			isa = PBXGroup;
			children = (
				DBBD6EA828E2411C00FFDE59 /* Assignment1Swift */,
				DBBD6EB528E242E700FFDE59 /* Assignment1-swift-test */,
				DBBD6EA728E2411C00FFDE59 /* Products */,
			);
			sourceTree = "<group>";
		};
		DBBD6EA728E2411C00FFDE59 /* Products */ = {
			isa = PBXGroup;
			children = (
				DBBD6EA628E2411C00FFDE59 /* Assignment1Swift */,
				DBBD6EB428E242E700FFDE59 /* Assignment1-swift-test.xctest */,
			);
			name = Products;
			sourceTree = "<group>";
		};
		DBBD6EA828E2411C00FFDE59 /* Assignment1Swift */ = {
			isa = PBXGroup;
			children = (
				DBBD6EA928E2411C00FFDE59 /* main.swift */,
				DBEC472128EB94E7000732AE /* Question 1.swift */,
				DBEC472328EB94F2000732AE /* Question 2.swift */,
				DBEC472528EB94FE000732AE /* Question 3.swift */,
				DBEC472728EB9503000732AE /* Question 4.swift */,
				DBEC472928EB9511000732AE /* Question 5.swift */,
			);
			path = Assignment1Swift;
			sourceTree = "<group>";
		};
		DBBD6EB528E242E700FFDE59 /* Assignment1-swift-test */ = {
			isa = PBXGroup;
			children = (
				DBBD6EB628E242E700FFDE59 /* Assignment1_swift_test.swift */,
			);
			path = "Assignment1-swift-test";
			sourceTree = "<group>";
		};
/* End PBXGroup section */

/* Begin PBXNativeTarget section */
		DBBD6EA528E2411C00FFDE59 /* Assignment1Swift */ = {
			isa = PBXNativeTarget;
			buildConfigurationList = DBBD6EAD28E2411C00FFDE59 /* Build configuration list for PBXNativeTarget "Assignment1Swift" */;
			buildPhases = (
				DBBD6EA228E2411C00FFDE59 /* Sources */,
				DBBD6EA328E2411C00FFDE59 /* Frameworks */,
				DBBD6EA428E2411C00FFDE59 /* CopyFiles */,
			);
			buildRules = (
			);
			dependencies = (
			);
			name = Assignment1Swift;
			productName = "Assignment1-Swift";
			productReference = DBBD6EA628E2411C00FFDE59 /* Assignment1Swift */;
			productType = "com.apple.product-type.tool";
		};
		DBBD6EB328E242E700FFDE59 /* Assignment1-swift-test */ = {
			isa = PBXNativeTarget;
			buildConfigurationList = DBBD6EB828E242E700FFDE59 /* Build configuration list for PBXNativeTarget "Assignment1-swift-test" */;
			buildPhases = (
				DBBD6EB028E242E700FFDE59 /* Sources */,
				DBBD6EB128E242E700FFDE59 /* Frameworks */,
				DBBD6EB228E242E700FFDE59 /* Resources */,
			);
			buildRules = (
			);
			dependencies = (
			);
			name = "Assignment1-swift-test";
			productName = "Assignment1-swift-test";
			productReference = DBBD6EB428E242E700FFDE59 /* Assignment1-swift-test.xctest */;
			productType = "com.apple.product-type.bundle.unit-test";
		};
/* End PBXNativeTarget section */

/* Begin PBXProject section */
		DBBD6E9E28E2411C00FFDE59 /* Project object */ = {
			isa = PBXProject;
			attributes = {
				BuildIndependentTargetsInParallel = 1;
				LastSwiftUpdateCheck = 1400;
				LastUpgradeCheck = 1400;
				TargetAttributes = {
					DBBD6EA528E2411C00FFDE59 = {
						CreatedOnToolsVersion = 14.0;
					};
					DBBD6EB328E242E700FFDE59 = {
						CreatedOnToolsVersion = 14.0;
					};
				};
			};
			buildConfigurationList = DBBD6EA128E2411C00FFDE59 /* Build configuration list for PBXProject "Assignment1-Swift" */;
			compatibilityVersion = "Xcode 14.0";
			developmentRegion = en;
			hasScannedForEncodings = 0;
			knownRegions = (
				en,
				Base,
			);
			mainGroup = DBBD6E9D28E2411C00FFDE59;
			productRefGroup = DBBD6EA728E2411C00FFDE59 /* Products */;
			projectDirPath = "";
			projectRoot = "";
			targets = (
				DBBD6EA528E2411C00FFDE59 /* Assignment1Swift */,
				DBBD6EB328E242E700FFDE59 /* Assignment1-swift-test */,
			);
		};
/* End PBXProject section */

/* Begin PBXResourcesBuildPhase section */
		DBBD6EB228E242E700FFDE59 /* Resources */ = {
			isa = PBXResourcesBuildPhase;
			buildActionMask = 2147483647;
			files = (
			);
			runOnlyForDeploymentPostprocessing = 0;
		};
/* End PBXResourcesBuildPhase section */

/* Begin PBXSourcesBuildPhase section */
		DBBD6EA228E2411C00FFDE59 /* Sources */ = {
			isa = PBXSourcesBuildPhase;
			buildActionMask = 2147483647;
			files = (
				DBEC472228EB94E7000732AE /* Question 1.swift in Sources */,
				DBEC472428EB94F2000732AE /* Question 2.swift in Sources */,
				DBEC472A28EB9511000732AE /* Question 5.swift in Sources */,
				DBEC472628EB94FE000732AE /* Question 3.swift in Sources */,
				DBEC472828EB9503000732AE /* Question 4.swift in Sources */,
				DBBD6EAA28E2411C00FFDE59 /* main.swift in Sources */,
			);
			runOnlyForDeploymentPostprocessing = 0;
		};
		DBBD6EB028E242E700FFDE59 /* Sources */ = {
			isa = PBXSourcesBuildPhase;
			buildActionMask = 2147483647;
			files = (
				DBBD6EB728E242E700FFDE59 /* Assignment1_swift_test.swift in Sources */,
			);
			runOnlyForDeploymentPostprocessing = 0;
		};
/* End PBXSourcesBuildPhase section */

/* Begin XCBuildConfiguration section */
		DBBD6EAB28E2411C00FFDE59 /* Debug */ = {
			isa = XCBuildConfiguration;
			buildSettings = {
				ALWAYS_SEARCH_USER_PATHS = NO;
				CLANG_ANALYZER_NONNULL = YES;
				CLANG_ANALYZER_NUMBER_OBJECT_CONVERSION = YES_AGGRESSIVE;
				CLANG_CXX_LANGUAGE_STANDARD = "gnu++20";
				CLANG_ENABLE_MODULES = YES;
				CLANG_ENABLE_OBJC_ARC = YES;
				CLANG_ENABLE_OBJC_WEAK = YES;
				CLANG_WARN_BLOCK_CAPTURE_AUTORELEASING = YES;
				CLANG_WARN_BOOL_CONVERSION = YES;
				CLANG_WARN_COMMA = YES;
				CLANG_WARN_CONSTANT_CONVERSION = YES;
				CLANG_WARN_DEPRECATED_OBJC_IMPLEMENTATIONS = YES;
				CLANG_WARN_DIRECT_OBJC_ISA_USAGE = YES_ERROR;
				CLANG_WARN_DOCUMENTATION_COMMENTS = YES;
				CLANG_WARN_EMPTY_BODY = YES;
				CLANG_WARN_ENUM_CONVERSION = YES;
				CLANG_WARN_INFINITE_RECURSION = YES;
				CLANG_WARN_INT_CONVERSION = YES;
				CLANG_WARN_NON_LITERAL_NULL_CONVERSION = YES;
				CLANG_WARN_OBJC_IMPLICIT_RETAIN_SELF = YES;
				CLANG_WARN_OBJC_LITERAL_CONVERSION = YES;
				CLANG_WARN_OBJC_ROOT_CLASS = YES_ERROR;
				CLANG_WARN_QUOTED_INCLUDE_IN_FRAMEWORK_HEADER = YES;
				CLANG_WARN_RANGE_LOOP_ANALYSIS = YES;
				CLANG_WARN_STRICT_PROTOTYPES = YES;
				CLANG_WARN_SUSPICIOUS_MOVE = YES;
				CLANG_WARN_UNGUARDED_AVAILABILITY = YES_AGGRESSIVE;
				CLANG_WARN_UNREACHABLE_CODE = YES;
				CLANG_WARN__DUPLICATE_METHOD_MATCH = YES;
				COPY_PHASE_STRIP = NO;
				DEBUG_INFORMATION_FORMAT = dwarf;
				ENABLE_STRICT_OBJC_MSGSEND = YES;
				ENABLE_TESTABILITY = YES;
				GCC_C_LANGUAGE_STANDARD = gnu11;
				GCC_DYNAMIC_NO_PIC = NO;
				GCC_NO_COMMON_BLOCKS = YES;
				GCC_OPTIMIZATION_LEVEL = 0;
				GCC_PREPROCESSOR_DEFINITIONS = (
					"DEBUG=1",
					"$(inherited)",
				);
				GCC_WARN_64_TO_32_BIT_CONVERSION = YES;
				GCC_WARN_ABOUT_RETURN_TYPE = YES_ERROR;
				GCC_WARN_UNDECLARED_SELECTOR = YES;
				GCC_WARN_UNINITIALIZED_AUTOS = YES_AGGRESSIVE;
				GCC_WARN_UNUSED_FUNCTION = YES;
				GCC_WARN_UNUSED_VARIABLE = YES;
				MACOSX_DEPLOYMENT_TARGET = 12.3;
				MTL_ENABLE_DEBUG_INFO = INCLUDE_SOURCE;
				MTL_FAST_MATH = YES;
				ONLY_ACTIVE_ARCH = YES;
				SDKROOT = macosx;
				SWIFT_ACTIVE_COMPILATION_CONDITIONS = DEBUG;
				SWIFT_OPTIMIZATION_LEVEL = "-Onone";
			};
			name = Debug;
		};
		DBBD6EAC28E2411C00FFDE59 /* Release */ = {
			isa = XCBuildConfiguration;
			buildSettings = {
				ALWAYS_SEARCH_USER_PATHS = NO;
				CLANG_ANALYZER_NONNULL = YES;
				CLANG_ANALYZER_NUMBER_OBJECT_CONVERSION = YES_AGGRESSIVE;
				CLANG_CXX_LANGUAGE_STANDARD = "gnu++20";
				CLANG_ENABLE_MODULES = YES;
				CLANG_ENABLE_OBJC_ARC = YES;
				CLANG_ENABLE_OBJC_WEAK = YES;
				CLANG_WARN_BLOCK_CAPTURE_AUTORELEASING = YES;
				CLANG_WARN_BOOL_CONVERSION = YES;
				CLANG_WARN_COMMA = YES;
				CLANG_WARN_CONSTANT_CONVERSION = YES;
				CLANG_WARN_DEPRECATED_OBJC_IMPLEMENTATIONS = YES;
				CLANG_WARN_DIRECT_OBJC_ISA_USAGE = YES_ERROR;
				CLANG_WARN_DOCUMENTATION_COMMENTS = YES;
				CLANG_WARN_EMPTY_BODY = YES;
				CLANG_WARN_ENUM_CONVERSION = YES;
				CLANG_WARN_INFINITE_RECURSION = YES;
				CLANG_WARN_INT_CONVERSION = YES;
				CLANG_WARN_NON_LITERAL_NULL_CONVERSION = YES;
				CLANG_WARN_OBJC_IMPLICIT_RETAIN_SELF = YES;
				CLANG_WARN_OBJC_LITERAL_CONVERSION = YES;
				CLANG_WARN_OBJC_ROOT_CLASS = YES_ERROR;
				CLANG_WARN_QUOTED_INCLUDE_IN_FRAMEWORK_HEADER = YES;
				CLANG_WARN_RANGE_LOOP_ANALYSIS = YES;
				CLANG_WARN_STRICT_PROTOTYPES = YES;
				CLANG_WARN_SUSPICIOUS_MOVE = YES;
				CLANG_WARN_UNGUARDED_AVAILABILITY = YES_AGGRESSIVE;
				CLANG_WARN_UNREACHABLE_CODE = YES;
				CLANG_WARN__DUPLICATE_METHOD_MATCH = YES;
				COPY_PHASE_STRIP = NO;
				DEBUG_INFORMATION_FORMAT = "dwarf-with-dsym";
				ENABLE_NS_ASSERTIONS = NO;
				ENABLE_STRICT_OBJC_MSGSEND = YES;
				GCC_C_LANGUAGE_STANDARD = gnu11;
				GCC_NO_COMMON_BLOCKS = YES;
				GCC_WARN_64_TO_32_BIT_CONVERSION = YES;
				GCC_WARN_ABOUT_RETURN_TYPE = YES_ERROR;
				GCC_WARN_UNDECLARED_SELECTOR = YES;
				GCC_WARN_UNINITIALIZED_AUTOS = YES_AGGRESSIVE;
				GCC_WARN_UNUSED_FUNCTION = YES;
				GCC_WARN_UNUSED_VARIABLE = YES;
				MACOSX_DEPLOYMENT_TARGET = 12.3;
				MTL_ENABLE_DEBUG_INFO = NO;
				MTL_FAST_MATH = YES;
				SDKROOT = macosx;
				SWIFT_COMPILATION_MODE = wholemodule;
				SWIFT_OPTIMIZATION_LEVEL = "-O";
			};
			name = Release;
		};
		DBBD6EAE28E2411C00FFDE59 /* Debug */ = {
			isa = XCBuildConfiguration;
			buildSettings = {
				CODE_SIGN_STYLE = Automatic;
				PRODUCT_NAME = "$(TARGET_NAME)";
				SWIFT_VERSION = 5.0;
			};
			name = Debug;
		};
		DBBD6EAF28E2411C00FFDE59 /* Release */ = {
			isa = XCBuildConfiguration;
			buildSettings = {
				CODE_SIGN_STYLE = Automatic;
				PRODUCT_NAME = "$(TARGET_NAME)";
				SWIFT_VERSION = 5.0;
			};
			name = Release;
		};
		DBBD6EB928E242E700FFDE59 /* Debug */ = {
			isa = XCBuildConfiguration;
			buildSettings = {
				CODE_SIGN_STYLE = Automatic;
				CURRENT_PROJECT_VERSION = 1;
				GENERATE_INFOPLIST_FILE = YES;
				MARKETING_VERSION = 1.0;
				PRODUCT_BUNDLE_IDENTIFIER = "jv658.Assignment1-swift-test";
				PRODUCT_NAME = "$(TARGET_NAME)";
				SWIFT_EMIT_LOC_STRINGS = NO;
				SWIFT_VERSION = 5.0;
			};
			name = Debug;
		};
		DBBD6EBA28E242E700FFDE59 /* Release */ = {
			isa = XCBuildConfiguration;
			buildSettings = {
				CODE_SIGN_STYLE = Automatic;
				CURRENT_PROJECT_VERSION = 1;
				GENERATE_INFOPLIST_FILE = YES;
				MARKETING_VERSION = 1.0;
				PRODUCT_BUNDLE_IDENTIFIER = "jv658.Assignment1-swift-test";
				PRODUCT_NAME = "$(TARGET_NAME)";
				SWIFT_EMIT_LOC_STRINGS = NO;
				SWIFT_VERSION = 5.0;
			};
			name = Release;
		};
/* End XCBuildConfiguration section */

/* Begin XCConfigurationList section */
		DBBD6EA128E2411C00FFDE59 /* Build configuration list for PBXProject "Assignment1-Swift" */ = {
			isa = XCConfigurationList;
			buildConfigurations = (
				DBBD6EAB28E2411C00FFDE59 /* Debug */,
				DBBD6EAC28E2411C00FFDE59 /* Release */,
			);
			defaultConfigurationIsVisible = 0;
			defaultConfigurationName = Release;
		};
		DBBD6EAD28E2411C00FFDE59 /* Build configuration list for PBXNativeTarget "Assignment1Swift" */ = {
			isa = XCConfigurationList;
			buildConfigurations = (
				DBBD6EAE28E2411C00FFDE59 /* Debug */,
				DBBD6EAF28E2411C00FFDE59 /* Release */,
			);
			defaultConfigurationIsVisible = 0;
			defaultConfigurationName = Release;
		};
		DBBD6EB828E242E700FFDE59 /* Build configuration list for PBXNativeTarget "Assignment1-swift-test" */ = {
			isa = XCConfigurationList;
			buildConfigurations = (
				DBBD6EB928E242E700FFDE59 /* Debug */,
				DBBD6EBA28E242E700FFDE59 /* Release */,
			);
			defaultConfigurationIsVisible = 0;
			defaultConfigurationName = Release;
		};
/* End XCConfigurationList section */
	};
	rootObject = DBBD6E9E28E2411C00FFDE59 /* Project object */;
}
